PODS:
  - FlutterMacOS (1.0.0)
  - merman (0.7.0):
    - FlutterMacOS

DEPENDENCIES:
  - FlutterMacOS (from `Flutter/ephemeral`)
  - merman (from `Flutter/ephemeral/.symlinks/plugins/merman/macos`)

EXTERNAL SOURCES:
  FlutterMacOS:
    :path: Flutter/ephemeral
  merman:
    :path: Flutter/ephemeral/.symlinks/plugins/merman/macos

SPEC CHECKSUMS:
  FlutterMacOS: d0db08ddef1a9af05a5ec4b724367152bb0500b1
  merman: 8a568d42cc12f3c02170bf77ed77cd5e8e92a2b7

PODFILE CHECKSUM: 346bfb2deb41d4a6ebd6f6799f92188bde2d246f

COCOAPODS: 1.16.2
